{
  "originHash" : "feb86851f9a9a8f0185955c9ae8fc0adf7c9a1fbf37a99ead54ac6166074cd0a",
  "pins" : [
    {
      "identity" : "capacitor-swift-pm",
      "kind" : "remoteSourceControl",
      "location" : "https://github.com/ionic-team/capacitor-swift-pm.git",
      "state" : {
        "revision" : "0b6882e9a3288342aacf36348e5a94e4f1dd7b13",
        "version" : "8.5.2"
      }
    },
    {
      "identity" : "ion-ios-filesystem",
      "kind" : "remoteSourceControl",
      "location" : "https://github.com/ionic-team/ion-ios-filesystem.git",
      "state" : {
        "revision" : "13848aab4f3447ff98dfdbe72ff8ef31bf333db0",
        "version" : "2.0.0"
      }
    }
  ],
  "version" : 3
}
